// !$*UTF8*$!
{
	archiveVersion = 1;
	classes = {
	};
	objectVersion = 77;
	objects = {

/* Begin PBXBuildFile section */
		BC12C6C22D9FD7D600918C58 /* Lottie in Frameworks */ = {isa = PBXBuildFile; productRef = BC12C6C12D9FD7D600918C58 /* Lottie */; };
/* End PBXBuildFile section */

/* Begin PBXContainerItemProxy section */
		BCEBAB472D95A2690013C3E4 /* PBXContainerItemProxy */ = {
			isa = PBXContainerItemProxy;
			containerPortal = BCEBAB2E2D95A2670013C3E4 /* Project object */;
			proxyType = 1;
			remoteGlobalIDString = BCEBAB352D95A2670013C3E4;
			remoteInfo = Eatzy;
		};
		BCEBAB512D95A2690013C3E4 /* PBXContainerItemProxy */ = {
			isa = PBXContainerItemProxy;
			containerPortal = BCEBAB2E2D95A2670013C3E4 /* Project object */;
			proxyType = 1;
			remoteGlobalIDString = BCEBAB352D95A2670013C3E4;
			remoteInfo = Eatzy;
		};
/* End PBXContainerItemProxy section */

/* Begin PBXFileReference section */
		BCEBAB362D95A2670013C3E4 /* Eatzy.app */ = {isa = PBXFileReference; explicitFileType = wrapper.application; includeInIndex = 0; path = Eatzy.app; sourceTree = BUILT_PRODUCTS_DIR; };
		BCEBAB462D95A2690013C3E4 /* EatzyTests.xctest */ = {isa = PBXFileReference; explicitFileType = wrapper.cfbundle; includeInIndex = 0; path = EatzyTests.xctest; sourceTree = BUILT_PRODUCTS_DIR; };
		BCEBAB502D95A2690013C3E4 /* EatzyUITests.xctest */ = {isa = PBXFileReference; explicitFileType = wrapper.cfbundle; includeInIndex = 0; path = EatzyUITests.xctest; sourceTree = BUILT_PRODUCTS_DIR; };
/* End PBXFileReference section */

/* Begin PBXFileSystemSynchronizedRootGroup section */
		BC67F37C2D9983E700B75BA4 /* Eatzy */ = {
			isa = PBXFileSystemSynchronizedRootGroup;
			path = Eatzy;
			sourceTree = "<group>";
		};
		BCEBAB492D95A2690013C3E4 /* EatzyTests */ = {
			isa = PBXFileSystemSynchronizedRootGroup;
			path = EatzyTests;
			sourceTree = "<group>";
		};
		BCEBAB532D95A2690013C3E4 /* EatzyUITests */ = {
			isa = PBXFileSystemSynchronizedRootGroup;
			path = EatzyUITests;
			sourceTree = "<group>";
		};
/* End PBXFileSystemSynchronizedRootGroup section */

/* Begin PBXFrameworksBuildPhase section */
		BCEBAB332D95A2670013C3E4 /* Frameworks */ = {
			isa = PBXFrameworksBuildPhase;
			buildActionMask = 2147483647;
			files = (
				BC12C6C22D9FD7D600918C58 /* Lottie in Frameworks */,
			);
			runOnlyForDeploymentPostprocessing = 0;
		};
		BCEBAB432D95A2690013C3E4 /* Frameworks */ = {
			isa = PBXFrameworksBuildPhase;
			buildActionMask = 2147483647;
			files = (
			);
			runOnlyForDeploymentPostprocessing = 0;
		};
		BCEBAB4D2D95A2690013C3E4 /* Frameworks */ = {
			isa = PBXFrameworksBuildPhase;
			buildActionMask = 2147483647;
			files = (
			);
			runOnlyForDeploymentPostprocessing = 0;
		};
/* End PBXFrameworksBuildPhase section */

/* Begin PBXGroup section */
		BCEBAB2D2D95A2670013C3E4 = {
			isa = PBXGroup;
			children = (
				BC67F37C2D9983E700B75BA4 /* Eatzy */,
				BCEBAB492D95A2690013C3E4 /* EatzyTests */,
				BCEBAB532D95A2690013C3E4 /* EatzyUITests */,
				BCEBAB372D95A2670013C3E4 /* Products */,
			);
			sourceTree = "<group>";
		};
		BCEBAB372D95A2670013C3E4 /* Products */ = {
			isa = PBXGroup;
			children = (
				BCEBAB362D95A2670013C3E4 /* Eatzy.app */,
				BCEBAB462D95A2690013C3E4 /* EatzyTests.xctest */,
				BCEBAB502D95A2690013C3E4 /* EatzyUITests.xctest */,
			);
			name = Products;
			sourceTree = "<group>";
		};
/* End PBXGroup section */

/* Begin PBXNativeTarget section */
		BCEBAB352D95A2670013C3E4 /* Eatzy */ = {
			isa = PBXNativeTarget;
			buildConfigurationList = BCEBAB5A2D95A2690013C3E4 /* Build configuration list for PBXNativeTarget "Eatzy" */;
			buildPhases = (
				BCEBAB322D95A2670013C3E4 /* Sources */,
				BCEBAB332D95A2670013C3E4 /* Frameworks */,
				BCEBAB342D95A2670013C3E4 /* Resources */,
			);
			buildRules = (
			);
			dependencies = (
			);
			fileSystemSynchronizedGroups = (
				BC67F37C2D9983E700B75BA4 /* Eatzy */,
			);
			name = Eatzy;
			packageProductDependencies = (
				BC12C6C12D9FD7D600918C58 /* Lottie */,
			);
			productName = Eatzy;
			productReference = BCEBAB362D95A2670013C3E4 /* Eatzy.app */;
			productType = "com.apple.product-type.application";
		};
		BCEBAB452D95A2690013C3E4 /* EatzyTests */ = {
			isa = PBXNativeTarget;
			buildConfigurationList = BCEBAB5D2D95A2690013C3E4 /* Build configuration list for PBXNativeTarget "EatzyTests" */;
			buildPhases = (
				BCEBAB422D95A2690013C3E4 /* Sources */,
				BCEBAB432D95A2690013C3E4 /* Frameworks */,
				BCEBAB442D95A2690013C3E4 /* Resources */,
			);
			buildRules = (
			);
			dependencies = (
				BCEBAB482D95A2690013C3E4 /* PBXTargetDependency */,
			);
			fileSystemSynchronizedGroups = (
				BCEBAB492D95A2690013C3E4 /* EatzyTests */,
			);
			name = EatzyTests;
			packageProductDependencies = (
			);
			productName = EatzyTests;
			productReference = BCEBAB462D95A2690013C3E4 /* EatzyTests.xctest */;
			productType = "com.apple.product-type.bundle.unit-test";
		};
		BCEBAB4F2D95A2690013C3E4 /* EatzyUITests */ = {
			isa = PBXNativeTarget;
			buildConfigurationList = BCEBAB602D95A2690013C3E4 /* Build configuration list for PBXNativeTarget "EatzyUITests" */;
			buildPhases = (
				BCEBAB4C2D95A2690013C3E4 /* Sources */,
				BCEBAB4D2D95A2690013C3E4 /* Frameworks */,
				BCEBAB4E2D95A2690013C3E4 /* Resources */,
			);
			buildRules = (
			);
			dependencies = (
				BCEBAB522D95A2690013C3E4 /* PBXTargetDependency */,
			);
			fileSystemSynchronizedGroups = (
				BCEBAB532D95A2690013C3E4 /* EatzyUITests */,
			);
			name = EatzyUITests;
			packageProductDependencies = (
			);
			productName = EatzyUITests;
			productReference = BCEBAB502D95A2690013C3E4 /* EatzyUITests.xctest */;
			productType = "com.apple.product-type.bundle.ui-testing";
		};
/* End PBXNativeTarget section */

/* Begin PBXProject section */
		BCEBAB2E2D95A2670013C3E4 /* Project object */ = {
			isa = PBXProject;
			attributes = {
				BuildIndependentTargetsInParallel = 1;
				LastSwiftUpdateCheck = 1620;
				LastUpgradeCheck = 1620;
				TargetAttributes = {
					BCEBAB352D95A2670013C3E4 = {
						CreatedOnToolsVersion = 16.2;
					};
					BCEBAB452D95A2690013C3E4 = {
						CreatedOnToolsVersion = 16.2;
						TestTargetID = BCEBAB352D95A2670013C3E4;
					};
					BCEBAB4F2D95A2690013C3E4 = {
						CreatedOnToolsVersion = 16.2;
						TestTargetID = BCEBAB352D95A2670013C3E4;
					};
				};
			};
			buildConfigurationList = BCEBAB312D95A2670013C3E4 /* Build configuration list for PBXProject "Eatzy" */;
			developmentRegion = en;
			hasScannedForEncodings = 0;
			knownRegions = (
				en,
				Base,
			);
			mainGroup = BCEBAB2D2D95A2670013C3E4;
			minimizedProjectReferenceProxies = 1;
			packageReferences = (
				BC12C6C02D9FD7D600918C58 /* XCRemoteSwiftPackageReference "lottie-ios" */,
			);
			preferredProjectObjectVersion = 77;
			productRefGroup = BCEBAB372D95A2670013C3E4 /* Products */;
			projectDirPath = "";
			projectRoot = "";
			targets = (
				BCEBAB352D95A2670013C3E4 /* Eatzy */,
				BCEBAB452D95A2690013C3E4 /* EatzyTests */,
				BCEBAB4F2D95A2690013C3E4 /* EatzyUITests */,
			);
		};
/* End PBXProject section */

/* Begin PBXResourcesBuildPhase section */
		BCEBAB342D95A2670013C3E4 /* Resources */ = {
			isa = PBXResourcesBuildPhase;
			buildActionMask = 2147483647;
			files = (
			);
			runOnlyForDeploymentPostprocessing = 0;
		};
		BCEBAB442D95A2690013C3E4 /* Resources */ = {
			isa = PBXResourcesBuildPhase;
			buildActionMask = 2147483647;
			files = (
			);
			runOnlyForDeploymentPostprocessing = 0;
		};
		BCEBAB4E2D95A2690013C3E4 /* Resources */ = {
			isa = PBXResourcesBuildPhase;
			buildActionMask = 2147483647;
			files = (
			);
			runOnlyForDeploymentPostprocessing = 0;
		};
/* End PBXResourcesBuildPhase section */

/* Begin PBXSourcesBuildPhase section */
		BCEBAB322D95A2670013C3E4 /* Sources */ = {
			isa = PBXSourcesBuildPhase;
			buildActionMask = 2147483647;
			files = (
			);
			runOnlyForDeploymentPostprocessing = 0;
		};
		BCEBAB422D95A2690013C3E4 /* Sources */ = {
			isa = PBXSourcesBuildPhase;
			buildActionMask = 2147483647;
			files = (
			);
			runOnlyForDeploymentPostprocessing = 0;
		};
		BCEBAB4C2D95A2690013C3E4 /* Sources */ = {
			isa = PBXSourcesBuildPhase;
			buildActionMask = 2147483647;
			files = (
			);
			runOnlyForDeploymentPostprocessing = 0;
		};
/* End PBXSourcesBuildPhase section */

/* Begin PBXTargetDependency section */
		BCEBAB482D95A2690013C3E4 /* PBXTargetDependency */ = {
			isa = PBXTargetDependency;
			target = BCEBAB352D95A2670013C3E4 /* Eatzy */;
			targetProxy = BCEBAB472D95A2690013C3E4 /* PBXContainerItemProxy */;
		};
		BCEBAB522D95A2690013C3E4 /* PBXTargetDependency */ = {
			isa = PBXTargetDependency;
			target = BCEBAB352D95A2670013C3E4 /* Eatzy */;
			targetProxy = BCEBAB512D95A2690013C3E4 /* PBXContainerItemProxy */;
		};
/* End PBXTargetDependency section */

/* Begin XCBuildConfiguration section */
		BCEBAB582D95A2690013C3E4 /* Debug */ = {
			isa = XCBuildConfiguration;
			buildSettings = {
				ALWAYS_SEARCH_USER_PATHS = NO;
				ASSETCATALOG_COMPILER_GENERATE_SWIFT_ASSET_SYMBOL_EXTENSIONS = YES;
				CLANG_ANALYZER_NONNULL = YES;
				CLANG_ANALYZER_NUMBER_OBJECT_CONVERSION = YES_AGGRESSIVE;
				CLANG_CXX_LANGUAGE_STANDARD = "gnu++20";
				CLANG_ENABLE_MODULES = YES;
				CLANG_ENABLE_OBJC_ARC = YES;
				CLANG_ENABLE_OBJC_WEAK = YES;
				CLANG_WARN_BLOCK_CAPTURE_AUTORELEASING = YES;
				CLANG_WARN_BOOL_CONVERSION = YES;
				CLANG_WARN_COMMA = YES;
				CLANG_WARN_CONSTANT_CONVERSION = YES;
				CLANG_WARN_DEPRECATED_OBJC_IMPLEMENTATIONS = YES;
				CLANG_WARN_DIRECT_OBJC_ISA_USAGE = YES_ERROR;
				CLANG_WARN_DOCUMENTATION_COMMENTS = YES;
				CLANG_WARN_EMPTY_BODY = YES;
				CLANG_WARN_ENUM_CONVERSION = YES;
				CLANG_WARN_INFINITE_RECURSION = YES;
				CLANG_WARN_INT_CONVERSION = YES;
				CLANG_WARN_NON_LITERAL_NULL_CONVERSION = YES;
				CLANG_WARN_OBJC_IMPLICIT_RETAIN_SELF = YES;
				CLANG_WARN_OBJC_LITERAL_CONVERSION = YES;
				CLANG_WARN_OBJC_ROOT_CLASS = YES_ERROR;
				CLANG_WARN_QUOTED_INCLUDE_IN_FRAMEWORK_HEADER = YES;
				CLANG_WARN_RANGE_LOOP_ANALYSIS = YES;
				CLANG_WARN_STRICT_PROTOTYPES = YES;
				CLANG_WARN_SUSPICIOUS_MOVE = YES;
				CLANG_WARN_UNGUARDED_AVAILABILITY = YES_AGGRESSIVE;
				CLANG_WARN_UNREACHABLE_CODE = YES;
				CLANG_WARN__DUPLICATE_METHOD_MATCH = YES;
				COPY_PHASE_STRIP = NO;
				DEBUG_INFORMATION_FORMAT = dwarf;
				ENABLE_STRICT_OBJC_MSGSEND = YES;
				ENABLE_TESTABILITY = YES;
				ENABLE_USER_SCRIPT_SANDBOXING = YES;
				GCC_C_LANGUAGE_STANDARD = gnu17;
				GCC_DYNAMIC_NO_PIC = NO;
				GCC_NO_COMMON_BLOCKS = YES;
				GCC_OPTIMIZATION_LEVEL = 0;
				GCC_PREPROCESSOR_DEFINITIONS = (
					"DEBUG=1",
					"$(inherited)",
				);
				GCC_WARN_64_TO_32_BIT_CONVERSION = YES;
				GCC_WARN_ABOUT_RETURN_TYPE = YES_ERROR;
				GCC_WARN_UNDECLARED_SELECTOR = YES;
				GCC_WARN_UNINITIALIZED_AUTOS = YES_AGGRESSIVE;
				GCC_WARN_UNUSED_FUNCTION = YES;
				GCC_WARN_UNUSED_VARIABLE = YES;
				IPHONEOS_DEPLOYMENT_TARGET = 18.2;
				LOCALIZATION_PREFERS_STRING_CATALOGS = YES;
				MTL_ENABLE_DEBUG_INFO = INCLUDE_SOURCE;
				MTL_FAST_MATH = YES;
				ONLY_ACTIVE_ARCH = YES;
				SDKROOT = iphoneos;
				SWIFT_ACTIVE_COMPILATION_CONDITIONS = "DEBUG $(inherited)";
				SWIFT_OPTIMIZATION_LEVEL = "-Onone";
			};
			name = Debug;
		};
		BCEBAB592D95A2690013C3E4 /* Release */ = {
			isa = XCBuildConfiguration;
			buildSettings = {
				ALWAYS_SEARCH_USER_PATHS = NO;
				ASSETCATALOG_COMPILER_GENERATE_SWIFT_ASSET_SYMBOL_EXTENSIONS = YES;
				CLANG_ANALYZER_NONNULL = YES;
				CLANG_ANALYZER_NUMBER_OBJECT_CONVERSION = YES_AGGRESSIVE;
				CLANG_CXX_LANGUAGE_STANDARD = "gnu++20";
				CLANG_ENABLE_MODULES = YES;
				CLANG_ENABLE_OBJC_ARC = YES;
				CLANG_ENABLE_OBJC_WEAK = YES;
				CLANG_WARN_BLOCK_CAPTURE_AUTORELEASING = YES;
				CLANG_WARN_BOOL_CONVERSION = YES;
				CLANG_WARN_COMMA = YES;
				CLANG_WARN_CONSTANT_CONVERSION = YES;
				CLANG_WARN_DEPRECATED_OBJC_IMPLEMENTATIONS = YES;
				CLANG_WARN_DIRECT_OBJC_ISA_USAGE = YES_ERROR;
				CLANG_WARN_DOCUMENTATION_COMMENTS = YES;
				CLANG_WARN_EMPTY_BODY = YES;
				CLANG_WARN_ENUM_CONVERSION = YES;
				CLANG_WARN_INFINITE_RECURSION = YES;
				CLANG_WARN_INT_CONVERSION = YES;
				CLANG_WARN_NON_LITERAL_NULL_CONVERSION = YES;
				CLANG_WARN_OBJC_IMPLICIT_RETAIN_SELF = YES;
				CLANG_WARN_OBJC_LITERAL_CONVERSION = YES;
				CLANG_WARN_OBJC_ROOT_CLASS = YES_ERROR;
				CLANG_WARN_QUOTED_INCLUDE_IN_FRAMEWORK_HEADER = YES;
				CLANG_WARN_RANGE_LOOP_ANALYSIS = YES;
				CLANG_WARN_STRICT_PROTOTYPES = YES;
				CLANG_WARN_SUSPICIOUS_MOVE = YES;
				CLANG_WARN_UNGUARDED_AVAILABILITY = YES_AGGRESSIVE;
				CLANG_WARN_UNREACHABLE_CODE = YES;
				CLANG_WARN__DUPLICATE_METHOD_MATCH = YES;
				COPY_PHASE_STRIP = NO;
				DEBUG_INFORMATION_FORMAT = "dwarf-with-dsym";
				ENABLE_NS_ASSERTIONS = NO;
				ENABLE_STRICT_OBJC_MSGSEND = YES;
				ENABLE_USER_SCRIPT_SANDBOXING = YES;
				GCC_C_LANGUAGE_STANDARD = gnu17;
				GCC_NO_COMMON_BLOCKS = YES;
				GCC_WARN_64_TO_32_BIT_CONVERSION = YES;
				GCC_WARN_ABOUT_RETURN_TYPE = YES_ERROR;
				GCC_WARN_UNDECLARED_SELECTOR = YES;
				GCC_WARN_UNINITIALIZED_AUTOS = YES_AGGRESSIVE;
				GCC_WARN_UNUSED_FUNCTION = YES;
				GCC_WARN_UNUSED_VARIABLE = YES;
				IPHONEOS_DEPLOYMENT_TARGET = 18.2;
				LOCALIZATION_PREFERS_STRING_CATALOGS = YES;
				MTL_ENABLE_DEBUG_INFO = NO;
				MTL_FAST_MATH = YES;
				SDKROOT = iphoneos;
				SWIFT_COMPILATION_MODE = wholemodule;
				VALIDATE_PRODUCT = YES;
			};
			name = Release;
		};
		BCEBAB5B2D95A2690013C3E4 /* Debug */ = {
			isa = XCBuildConfiguration;
			buildSettings = {
				ASSETCATALOG_COMPILER_APPICON_NAME = AppIcon;
				ASSETCATALOG_COMPILER_GLOBAL_ACCENT_COLOR_NAME = AccentColor;
				CODE_SIGN_STYLE = Automatic;
				CURRENT_PROJECT_VERSION = 1;
				DEVELOPMENT_ASSET_PATHS = "\"Eatzy/Preview Content\"";
				DEVELOPMENT_TEAM = 68W4AKL2MS;
				ENABLE_PREVIEWS = YES;
				GENERATE_INFOPLIST_FILE = YES;
				INFOPLIST_KEY_UIApplicationSceneManifest_Generation = YES;
				INFOPLIST_KEY_UIApplicationSupportsIndirectInputEvents = YES;
				INFOPLIST_KEY_UILaunchScreen_Generation = YES;
				INFOPLIST_KEY_UISupportedInterfaceOrientations_iPad = "UIInterfaceOrientationPortrait UIInterfaceOrientationPortraitUpsideDown UIInterfaceOrientationLandscapeLeft UIInterfaceOrientationLandscapeRight";
				INFOPLIST_KEY_UISupportedInterfaceOrientations_iPhone = "UIInterfaceOrientationPortrait UIInterfaceOrientationLandscapeLeft UIInterfaceOrientationLandscapeRight";
				LD_RUNPATH_SEARCH_PATHS = (
					"$(inherited)",
					"@executable_path/Frameworks",
				);
				MARKETING_VERSION = 1.0;
				PRODUCT_BUNDLE_IDENTIFIER = lucena.vanessa.Eatzy;
				PRODUCT_NAME = "$(TARGET_NAME)";
				SWIFT_EMIT_LOC_STRINGS = YES;
				SWIFT_VERSION = 5.0;
				TARGETED_DEVICE_FAMILY = "1,2";
			};
			name = Debug;
		};
		BCEBAB5C2D95A2690013C3E4 /* Release */ = {
			isa = XCBuildConfiguration;
			buildSettings = {
				ASSETCATALOG_COMPILER_APPICON_NAME = AppIcon;
				ASSETCATALOG_COMPILER_GLOBAL_ACCENT_COLOR_NAME = AccentColor;
				CODE_SIGN_STYLE = Automatic;
				CURRENT_PROJECT_VERSION = 1;
				DEVELOPMENT_ASSET_PATHS = "\"Eatzy/Preview Content\"";
				DEVELOPMENT_TEAM = 68W4AKL2MS;
				ENABLE_PREVIEWS = YES;
				GENERATE_INFOPLIST_FILE = YES;
				INFOPLIST_KEY_UIApplicationSceneManifest_Generation = YES;
				INFOPLIST_KEY_UIApplicationSupportsIndirectInputEvents = YES;
				INFOPLIST_KEY_UILaunchScreen_Generation = YES;
				INFOPLIST_KEY_UISupportedInterfaceOrientations_iPad = "UIInterfaceOrientationPortrait UIInterfaceOrientationPortraitUpsideDown UIInterfaceOrientationLandscapeLeft UIInterfaceOrientationLandscapeRight";
				INFOPLIST_KEY_UISupportedInterfaceOrientations_iPhone = "UIInterfaceOrientationPortrait UIInterfaceOrientationLandscapeLeft UIInterfaceOrientationLandscapeRight";
				LD_RUNPATH_SEARCH_PATHS = (
					"$(inherited)",
					"@executable_path/Frameworks",
				);
				MARKETING_VERSION = 1.0;
				PRODUCT_BUNDLE_IDENTIFIER = lucena.vanessa.Eatzy;
				PRODUCT_NAME = "$(TARGET_NAME)";
				SWIFT_EMIT_LOC_STRINGS = YES;
				SWIFT_VERSION = 5.0;
				TARGETED_DEVICE_FAMILY = "1,2";
			};
			name = Release;
		};
		BCEBAB5E2D95A2690013C3E4 /* Debug */ = {
			isa = XCBuildConfiguration;
			buildSettings = {
				BUNDLE_LOADER = "$(TEST_HOST)";
				CODE_SIGN_STYLE = Automatic;
				CURRENT_PROJECT_VERSION = 1;
				DEVELOPMENT_TEAM = 68W4AKL2MS;
				GENERATE_INFOPLIST_FILE = YES;
				IPHONEOS_DEPLOYMENT_TARGET = 18.2;
				MARKETING_VERSION = 1.0;
				PRODUCT_BUNDLE_IDENTIFIER = lucena.vanessa.EatzyTests;
				PRODUCT_NAME = "$(TARGET_NAME)";
				SWIFT_EMIT_LOC_STRINGS = NO;
				SWIFT_VERSION = 5.0;
				TARGETED_DEVICE_FAMILY = "1,2";
				TEST_HOST = "$(BUILT_PRODUCTS_DIR)/Eatzy.app/$(BUNDLE_EXECUTABLE_FOLDER_PATH)/Eatzy";
			};
			name = Debug;
		};
		BCEBAB5F2D95A2690013C3E4 /* Release */ = {
			isa = XCBuildConfiguration;
			buildSettings = {
				BUNDLE_LOADER = "$(TEST_HOST)";
				CODE_SIGN_STYLE = Automatic;
				CURRENT_PROJECT_VERSION = 1;
				DEVELOPMENT_TEAM = 68W4AKL2MS;
				GENERATE_INFOPLIST_FILE = YES;
				IPHONEOS_DEPLOYMENT_TARGET = 18.2;
				MARKETING_VERSION = 1.0;
				PRODUCT_BUNDLE_IDENTIFIER = lucena.vanessa.EatzyTests;
				PRODUCT_NAME = "$(TARGET_NAME)";
				SWIFT_EMIT_LOC_STRINGS = NO;
				SWIFT_VERSION = 5.0;
				TARGETED_DEVICE_FAMILY = "1,2";
				TEST_HOST = "$(BUILT_PRODUCTS_DIR)/Eatzy.app/$(BUNDLE_EXECUTABLE_FOLDER_PATH)/Eatzy";
			};
			name = Release;
		};
		BCEBAB612D95A2690013C3E4 /* Debug */ = {
			isa = XCBuildConfiguration;
			buildSettings = {
				CODE_SIGN_STYLE = Automatic;
				CURRENT_PROJECT_VERSION = 1;
				DEVELOPMENT_TEAM = 68W4AKL2MS;
				GENERATE_INFOPLIST_FILE = YES;
				MARKETING_VERSION = 1.0;
				PRODUCT_BUNDLE_IDENTIFIER = lucena.vanessa.EatzyUITests;
				PRODUCT_NAME = "$(TARGET_NAME)";
				SWIFT_EMIT_LOC_STRINGS = NO;
				SWIFT_VERSION = 5.0;
				TARGETED_DEVICE_FAMILY = "1,2";
				TEST_TARGET_NAME = Eatzy;
			};
			name = Debug;
		};
		BCEBAB622D95A2690013C3E4 /* Release */ = {
			isa = XCBuildConfiguration;
			buildSettings = {
				CODE_SIGN_STYLE = Automatic;
				CURRENT_PROJECT_VERSION = 1;
				DEVELOPMENT_TEAM = 68W4AKL2MS;
				GENERATE_INFOPLIST_FILE = YES;
				MARKETING_VERSION = 1.0;
				PRODUCT_BUNDLE_IDENTIFIER = lucena.vanessa.EatzyUITests;
				PRODUCT_NAME = "$(TARGET_NAME)";
				SWIFT_EMIT_LOC_STRINGS = NO;
				SWIFT_VERSION = 5.0;
				TARGETED_DEVICE_FAMILY = "1,2";
				TEST_TARGET_NAME = Eatzy;
			};
			name = Release;
		};
/* End XCBuildConfiguration section */

/* Begin XCConfigurationList section */
		BCEBAB312D95A2670013C3E4 /* Build configuration list for PBXProject "Eatzy" */ = {
			isa = XCConfigurationList;
			buildConfigurations = (
				BCEBAB582D95A2690013C3E4 /* Debug */,
				BCEBAB592D95A2690013C3E4 /* Release */,
			);
			defaultConfigurationIsVisible = 0;
			defaultConfigurationName = Release;
		};
		BCEBAB5A2D95A2690013C3E4 /* Build configuration list for PBXNativeTarget "Eatzy" */ = {
			isa = XCConfigurationList;
			buildConfigurations = (
				BCEBAB5B2D95A2690013C3E4 /* Debug */,
				BCEBAB5C2D95A2690013C3E4 /* Release */,
			);
			defaultConfigurationIsVisible = 0;
			defaultConfigurationName = Release;
		};
		BCEBAB5D2D95A2690013C3E4 /* Build configuration list for PBXNativeTarget "EatzyTests" */ = {
			isa = XCConfigurationList;
			buildConfigurations = (
				BCEBAB5E2D95A2690013C3E4 /* Debug */,
				BCEBAB5F2D95A2690013C3E4 /* Release */,
			);
			defaultConfigurationIsVisible = 0;
			defaultConfigurationName = Release;
		};
		BCEBAB602D95A2690013C3E4 /* Build configuration list for PBXNativeTarget "EatzyUITests" */ = {
			isa = XCConfigurationList;
			buildConfigurations = (
				BCEBAB612D95A2690013C3E4 /* Debug */,
				BCEBAB622D95A2690013C3E4 /* Release */,
			);
			defaultConfigurationIsVisible = 0;
			defaultConfigurationName = Release;
		};
/* End XCConfigurationList section */

/* Begin XCRemoteSwiftPackageReference section */
		BC12C6C02D9FD7D600918C58 /* XCRemoteSwiftPackageReference "lottie-ios" */ = {
			isa = XCRemoteSwiftPackageReference;
			repositoryURL = "https://github.com/airbnb/lottie-ios.git";
			requirement = {
				kind = upToNextMajorVersion;
				minimumVersion = 4.4.0;
			};
		};
/* End XCRemoteSwiftPackageReference section */

/* Begin XCSwiftPackageProductDependency section */
		BC12C6C12D9FD7D600918C58 /* Lottie */ = {
			isa = XCSwiftPackageProductDependency;
			package = BC12C6C02D9FD7D600918C58 /* XCRemoteSwiftPackageReference "lottie-ios" */;
			productName = Lottie;
		};
/* End XCSwiftPackageProductDependency section */
	};
	rootObject = BCEBAB2E2D95A2670013C3E4 /* Project object */;
}
